// !$*UTF8*$!
{
	archiveVersion = 1;
	classes = {
	};
	objectVersion = 46;
	objects = {

/* Begin PBXBuildFile section */
		14702E5A1CE7466100A27048 /* AppDelegate.swift in Sources */ = {isa = PBXBuildFile; fileRef = 14702E591CE7466100A27048 /* AppDelegate.swift */; };
		14702E5C1CE7466100A27048 /* ViewController.swift in Sources */ = {isa = PBXBuildFile; fileRef = 14702E5B1CE7466100A27048 /* ViewController.swift */; };
		14702E5F1CE7466100A27048 /* Main.storyboard in Resources */ = {isa = PBXBuildFile; fileRef = 14702E5D1CE7466100A27048 /* Main.storyboard */; };
		14702E611CE7466100A27048 /* Assets.xcassets in Resources */ = {isa = PBXBuildFile; fileRef = 14702E601CE7466100A27048 /* Assets.xcassets */; };
		14702E641CE7466100A27048 /* LaunchScreen.storyboard in Resources */ = {isa = PBXBuildFile; fileRef = 14702E621CE7466100A27048 /* LaunchScreen.storyboard */; };
/* End PBXBuildFile section */

/* Begin PBXFileReference section */
		14702E561CE7466100A27048 /* Pcychologist.app */ = {isa = PBXFileReference; explicitFileType = wrapper.application; includeInIndex = 0; path = Pcychologist.app; sourceTree = BUILT_PRODUCTS_DIR; };
		14702E591CE7466100A27048 /* AppDelegate.swift */ = {isa = PBXFileReference; lastKnownFileType = sourcecode.swift; path = AppDelegate.swift; sourceTree = "<group>"; };
		14702E5B1CE7466100A27048 /* ViewController.swift */ = {isa = PBXFileReference; lastKnownFileType = sourcecode.swift; path = ViewController.swift; sourceTree = "<group>"; };
		14702E5E1CE7466100A27048 /* Base */ = {isa = PBXFileReference; lastKnownFileType = file.storyboard; name = Base; path = Base.lproj/Main.storyboard; sourceTree = "<group>"; };
		14702E601CE7466100A27048 /* Assets.xcassets */ = {isa = PBXFileReference; lastKnownFileType = folder.assetcatalog; path = Assets.xcassets; sourceTree = "<group>"; };
		14702E631CE7466100A27048 /* Base */ = {isa = PBXFileReference; lastKnownFileType = file.storyboard; name = Base; path = Base.lproj/LaunchScreen.storyboard; sourceTree = "<group>"; };
		14702E651CE7466100A27048 /* Info.plist */ = {isa = PBXFileReference; lastKnownFileType = text.plist.xml; path = Info.plist; sourceTree = "<group>"; };
/* End PBXFileReference section */

/* Begin PBXFrameworksBuildPhase section */
		14702E531CE7466100A27048 /* Frameworks */ = {
			isa = PBXFrameworksBuildPhase;
			buildActionMask = 2147483647;
			files = (
			);
			runOnlyForDeploymentPostprocessing = 0;
		};
/* End PBXFrameworksBuildPhase section */

/* Begin PBXGroup section */
		14702E4D1CE7466100A27048 = {
			isa = PBXGroup;
			children = (
				14702E581CE7466100A27048 /* Pcychologist */,
				14702E571CE7466100A27048 /* Products */,
			);
			sourceTree = "<group>";
		};
		14702E571CE7466100A27048 /* Products */ = {
			isa = PBXGroup;
			children = (
				14702E561CE7466100A27048 /* Pcychologist.app */,
			);
			name = Products;
			sourceTree = "<group>";
		};
		14702E581CE7466100A27048 /* Pcychologist */ = {
			isa = PBXGroup;
			children = (
				14702E591CE7466100A27048 /* AppDelegate.swift */,
				14702E5B1CE7466100A27048 /* ViewController.swift */,
				14702E5D1CE7466100A27048 /* Main.storyboard */,
				14702E601CE7466100A27048 /* Assets.xcassets */,
				14702E621CE7466100A27048 /* LaunchScreen.storyboard */,
				14702E651CE7466100A27048 /* Info.plist */,
			);
			path = Pcychologist;
			sourceTree = "<group>";
		};
/* End PBXGroup section */

/* Begin PBXNativeTarget section */
		14702E551CE7466100A27048 /* Pcychologist */ = {
			isa = PBXNativeTarget;
			buildConfigurationList = 14702E681CE7466100A27048 /* Build configuration list for PBXNativeTarget "Pcychologist" */;
			buildPhases = (
				14702E521CE7466100A27048 /* Sources */,
				14702E531CE7466100A27048 /* Frameworks */,
				14702E541CE7466100A27048 /* Resources */,
			);
			buildRules = (
			);
			dependencies = (
			);
			name = Pcychologist;
			productName = Pcychologist;
			productReference = 14702E561CE7466100A27048 /* Pcychologist.app */;
			productType = "com.apple.product-type.application";
		};
/* End PBXNativeTarget section */

/* Begin PBXProject section */
		14702E4E1CE7466100A27048 /* Project object */ = {
			isa = PBXProject;
			attributes = {
				LastSwiftUpdateCheck = 0730;
				LastUpgradeCheck = 0730;
				ORGANIZATIONNAME = "Марина Звягина";
				TargetAttributes = {
					14702E551CE7466100A27048 = {
						CreatedOnToolsVersion = 7.3;
						DevelopmentTeam = Q4LCPSKEPX;
					};
				};
			};
			buildConfigurationList = 14702E511CE7466100A27048 /* Build configuration list for PBXProject "Pcychologist" */;
			compatibilityVersion = "Xcode 3.2";
			developmentRegion = English;
			hasScannedForEncodings = 0;
			knownRegions = (
				en,
				Base,
			);
			mainGroup = 14702E4D1CE7466100A27048;
			productRefGroup = 14702E571CE7466100A27048 /* Products */;
			projectDirPath = "";
			projectRoot = "";
			targets = (
				14702E551CE7466100A27048 /* Pcychologist */,
			);
		};
/* End PBXProject section */

/* Begin PBXResourcesBuildPhase section */
		14702E541CE7466100A27048 /* Resources */ = {
			isa = PBXResourcesBuildPhase;
			buildActionMask = 2147483647;
			files = (
				14702E641CE7466100A27048 /* LaunchScreen.storyboard in Resources */,
				14702E611CE7466100A27048 /* Assets.xcassets in Resources */,
				14702E5F1CE7466100A27048 /* Main.storyboard in Resources */,
			);
			runOnlyForDeploymentPostprocessing = 0;
		};
/* End PBXResourcesBuildPhase section */

/* Begin PBXSourcesBuildPhase section */
		14702E521CE7466100A27048 /* Sources */ = {
			isa = PBXSourcesBuildPhase;
			buildActionMask = 2147483647;
			files = (
				14702E5C1CE7466100A27048 /* ViewController.swift in Sources */,
				14702E5A1CE7466100A27048 /* AppDelegate.swift in Sources */,
			);
			runOnlyForDeploymentPostprocessing = 0;
		};
/* End PBXSourcesBuildPhase section */

/* Begin PBXVariantGroup section */
		14702E5D1CE7466100A27048 /* Main.storyboard */ = {
			isa = PBXVariantGroup;
			children = (
				14702E5E1CE7466100A27048 /* Base */,
			);
			name = Main.storyboard;
			sourceTree = "<group>";
		};
		14702E621CE7466100A27048 /* LaunchScreen.storyboard */ = {
			isa = PBXVariantGroup;
			children = (
				14702E631CE7466100A27048 /* Base */,
			);
			name = LaunchScreen.storyboard;
			sourceTree = "<group>";
		};
/* End PBXVariantGroup section */

/* Begin XCBuildConfiguration section */
		14702E661CE7466100A27048 /* Debug */ = {
			isa = XCBuildConfiguration;
			buildSettings = {
				ALWAYS_SEARCH_USER_PATHS = NO;
				CLANG_ANALYZER_NONNULL = YES;
				CLANG_CXX_LANGUAGE_STANDARD = "gnu++0x";
				CLANG_CXX_LIBRARY = "libc++";
				CLANG_ENABLE_MODULES = YES;
				CLANG_ENABLE_OBJC_ARC = YES;
				CLANG_WARN_BOOL_CONVERSION = YES;
				CLANG_WARN_CONSTANT_CONVERSION = YES;
				CLANG_WARN_DIRECT_OBJC_ISA_USAGE = YES_ERROR;
				CLANG_WARN_EMPTY_BODY = YES;
				CLANG_WARN_ENUM_CONVERSION = YES;
				CLANG_WARN_INT_CONVERSION = YES;
				CLANG_WARN_OBJC_ROOT_CLASS = YES_ERROR;
				CLANG_WARN_UNREACHABLE_CODE = YES;
				CLANG_WARN__DUPLICATE_METHOD_MATCH = YES;
				"CODE_SIGN_IDENTITY[sdk=iphoneos*]" = "iPhone Developer";
				COPY_PHASE_STRIP = NO;
				DEBUG_INFORMATION_FORMAT = dwarf;
				ENABLE_STRICT_OBJC_MSGSEND = YES;
				ENABLE_TESTABILITY = YES;
				GCC_C_LANGUAGE_STANDARD = gnu99;
				GCC_DYNAMIC_NO_PIC = NO;
				GCC_NO_COMMON_BLOCKS = YES;
				GCC_OPTIMIZATION_LEVEL = 0;
				GCC_PREPROCESSOR_DEFINITIONS = (
					"DEBUG=1",
					"$(inherited)",
				);
				GCC_WARN_64_TO_32_BIT_CONVERSION = YES;
				GCC_WARN_ABOUT_RETURN_TYPE = YES_ERROR;
				GCC_WARN_UNDECLARED_SELECTOR = YES;
				GCC_WARN_UNINITIALIZED_AUTOS = YES_AGGRESSIVE;
				GCC_WARN_UNUSED_FUNCTION = YES;
				GCC_WARN_UNUSED_VARIABLE = YES;
				IPHONEOS_DEPLOYMENT_TARGET = 9.3;
				MTL_ENABLE_DEBUG_INFO = YES;
				ONLY_ACTIVE_ARCH = YES;
				SDKROOT = iphoneos;
				SWIFT_OPTIMIZATION_LEVEL = "-Onone";
				TARGETED_DEVICE_FAMILY = "1,2";
			};
			name = Debug;
		};
		14702E671CE7466100A27048 /* Release */ = {
			isa = XCBuildConfiguration;
			buildSettings = {
				ALWAYS_SEARCH_USER_PATHS = NO;
				CLANG_ANALYZER_NONNULL = YES;
				CLANG_CXX_LANGUAGE_STANDARD = "gnu++0x";
				CLANG_CXX_LIBRARY = "libc++";
				CLANG_ENABLE_MODULES = YES;
				CLANG_ENABLE_OBJC_ARC = YES;
				CLANG_WARN_BOOL_CONVERSION = YES;
				CLANG_WARN_CONSTANT_CONVERSION = YES;
				CLANG_WARN_DIRECT_OBJC_ISA_USAGE = YES_ERROR;
				CLANG_WARN_EMPTY_BODY = YES;
				CLANG_WARN_ENUM_CONVERSION = YES;
				CLANG_WARN_INT_CONVERSION = YES;
				CLANG_WARN_OBJC_ROOT_CLASS = YES_ERROR;
				CLANG_WARN_UNREACHABLE_CODE = YES;
				CLANG_WARN__DUPLICATE_METHOD_MATCH = YES;
				"CODE_SIGN_IDENTITY[sdk=iphoneos*]" = "iPhone Developer";
				COPY_PHASE_STRIP = NO;
				DEBUG_INFORMATION_FORMAT = "dwarf-with-dsym";
				ENABLE_NS_ASSERTIONS = NO;
				ENABLE_STRICT_OBJC_MSGSEND = YES;
				GCC_C_LANGUAGE_STANDARD = gnu99;
				GCC_NO_COMMON_BLOCKS = YES;
				GCC_WARN_64_TO_32_BIT_CONVERSION = YES;
				GCC_WARN_ABOUT_RETURN_TYPE = YES_ERROR;
				GCC_WARN_UNDECLARED_SELECTOR = YES;
				GCC_WARN_UNINITIALIZED_AUTOS = YES_AGGRESSIVE;
				GCC_WARN_UNUSED_FUNCTION = YES;
				GCC_WARN_UNUSED_VARIABLE = YES;
				IPHONEOS_DEPLOYMENT_TARGET = 9.3;
				MTL_ENABLE_DEBUG_INFO = NO;
				SDKROOT = iphoneos;
				TARGETED_DEVICE_FAMILY = "1,2";
				VALIDATE_PRODUCT = YES;
			};
			name = Release;
		};
		14702E691CE7466100A27048 /* Debug */ = {
			isa = XCBuildConfiguration;
			buildSettings = {
				ASSETCATALOG_COMPILER_APPICON_NAME = AppIcon;
				INFOPLIST_FILE = Pcychologist/Info.plist;
				LD_RUNPATH_SEARCH_PATHS = "$(inherited) @executable_path/Frameworks";
				PRODUCT_BUNDLE_IDENTIFIER = ru.slumbery.Pcychologist;
				PRODUCT_NAME = "$(TARGET_NAME)";
			};
			name = Debug;
		};
		14702E6A1CE7466100A27048 /* Release */ = {
			isa = XCBuildConfiguration;
			buildSettings = {
				ASSETCATALOG_COMPILER_APPICON_NAME = AppIcon;
				INFOPLIST_FILE = Pcychologist/Info.plist;
				LD_RUNPATH_SEARCH_PATHS = "$(inherited) @executable_path/Frameworks";
				PRODUCT_BUNDLE_IDENTIFIER = ru.slumbery.Pcychologist;
				PRODUCT_NAME = "$(TARGET_NAME)";
			};
			name = Release;
		};
/* End XCBuildConfiguration section */

/* Begin XCConfigurationList section */
		14702E511CE7466100A27048 /* Build configuration list for PBXProject "Pcychologist" */ = {
			isa = XCConfigurationList;
			buildConfigurations = (
				14702E661CE7466100A27048 /* Debug */,
				14702E671CE7466100A27048 /* Release */,
			);
			defaultConfigurationIsVisible = 0;
			defaultConfigurationName = Release;
		};
		14702E681CE7466100A27048 /* Build configuration list for PBXNativeTarget "Pcychologist" */ = {
			isa = XCConfigurationList;
			buildConfigurations = (
				14702E691CE7466100A27048 /* Debug */,
				14702E6A1CE7466100A27048 /* Release */,
			);
			defaultConfigurationIsVisible = 0;
		};
/* End XCConfigurationList section */
	};
	rootObject = 14702E4E1CE7466100A27048 /* Project object */;
}
